
Microsoft Visual Studio Solution File, Format Version 12.00
# Visual Studio Version 16
VisualStudioVersion = 16.0.29418.71
MinimumVisualStudioVersion = 10.0.40219.1
Project("{9A19103F-16F7-4668-BE54-9A1E7A4F7556}") = "Test", "Test.csproj", "{95496BFF-5F5E-4AFC-A378-01ACF10457FC}"
EndProject
Global
	GlobalSection(SolutionConfigurationPlatforms) = preSolution
		Debug|Any CPU = Debug|Any CPU
		Release|Any CPU = Release|Any CPU
	EndGlobalSection
	GlobalSection(ProjectConfigurationPlatforms) = postSolution
		{95496BFF-5F5E-4AFC-A378-01ACF10457FC}.Debug|Any CPU.ActiveCfg = Debug|Any CPU
		{95496BFF-5F5E-4AFC-A378-01ACF10457FC}.Debug|Any CPU.Build.0 = Debug|Any CPU
		{95496BFF-5F5E-4AFC-A378-01ACF10457FC}.Release|Any CPU.ActiveCfg = Release|Any CPU
		{95496BFF-5F5E-4AFC-A378-01ACF10457FC}.Release|Any CPU.Build.0 = Release|Any CPU
	EndGlobalSection
	GlobalSection(SolutionProperties) = preSolution
		HideSolutionNode = FALSE
	EndGlobalSection
	GlobalSection(ExtensibilityGlobals) = postSolution
		SolutionGuid = {5934B82F-107D-4000-BB52-33FC14A1DBB2}
	EndGlobalSection
EndGlobal
